
Microsoft Visual Studio Solution File, Format Version 12.00
# Visual Studio Version 17
VisualStudioVersion = 17.0.31903.59
MinimumVisualStudioVersion = 10.0.40219.1
Project("{FAE04EC0-301F-11D3-BF4B-00C04F79EFBC}") = "VirtualStore.Web.Client", "VirtualStore.Web.Client\VirtualStore.Web.Client.csproj", "{286DCD67-30D8-4A84-9E29-1210236A8E8D}"
EndProject
Project("{FAE04EC0-301F-11D3-BF4B-00C04F79EFBC}") = "VirtualStore.Web.Core", "VirtualStore.Web.Core\VirtualStore.Web.Core.csproj", "{F76D134E-3089-4B99-9E4B-5F58595946A7}"
EndProject
Project("{FAE04EC0-301F-11D3-BF4B-00C04F79EFBC}") = "VirtualStore.Web.Test", "VirtualStore.Web.Test\VirtualStore.Web.Test.csproj", "{B05C7673-1DE9-401F-9F2E-BA4AB65372EA}"
EndProject
Global
	GlobalSection(SolutionConfigurationPlatforms) = preSolution
		Debug|Any CPU = Debug|Any CPU
		Release|Any CPU = Release|Any CPU
	EndGlobalSection
	GlobalSection(ProjectConfigurationPlatforms) = postSolution
		{286DCD67-30D8-4A84-9E29-1210236A8E8D}.Debug|Any CPU.ActiveCfg = Debug|Any CPU
		{286DCD67-30D8-4A84-9E29-1210236A8E8D}.Debug|Any CPU.Build.0 = Debug|Any CPU
		{286DCD67-30D8-4A84-9E29-1210236A8E8D}.Release|Any CPU.ActiveCfg = Release|Any CPU
		{286DCD67-30D8-4A84-9E29-1210236A8E8D}.Release|Any CPU.Build.0 = Release|Any CPU
		{F76D134E-3089-4B99-9E4B-5F58595946A7}.Debug|Any CPU.ActiveCfg = Debug|Any CPU
		{F76D134E-3089-4B99-9E4B-5F58595946A7}.Debug|Any CPU.Build.0 = Debug|Any CPU
		{F76D134E-3089-4B99-9E4B-5F58595946A7}.Release|Any CPU.ActiveCfg = Release|Any CPU
		{F76D134E-3089-4B99-9E4B-5F58595946A7}.Release|Any CPU.Build.0 = Release|Any CPU
		{B05C7673-1DE9-401F-9F2E-BA4AB65372EA}.Debug|Any CPU.ActiveCfg = Debug|Any CPU
		{B05C7673-1DE9-401F-9F2E-BA4AB65372EA}.Debug|Any CPU.Build.0 = Debug|Any CPU
		{B05C7673-1DE9-401F-9F2E-BA4AB65372EA}.Release|Any CPU.ActiveCfg = Release|Any CPU
		{B05C7673-1DE9-401F-9F2E-BA4AB65372EA}.Release|Any CPU.Build.0 = Release|Any CPU
	EndGlobalSection
	GlobalSection(SolutionProperties) = preSolution
		HideSolutionNode = FALSE
	EndGlobalSection
	GlobalSection(ExtensibilityGlobals) = postSolution
		SolutionGuid = {40187B4A-8757-4CE7-9388-EE1CA5DC9C56}
	EndGlobalSection
EndGlobal
